
Microsoft Visual Studio Solution File, Format Version 12.00
# Visual Studio 14
VisualStudioVersion = 14.0.25420.1
MinimumVisualStudioVersion = 10.0.40219.1
Project("{FAE04EC0-301F-11D3-BF4B-00C04F79EFBC}") = "Data", "Data\Data.csproj", "{4187CB3E-212D-459F-B4B9-07A043B20DFC}"
EndProject
Project("{FAE04EC0-301F-11D3-BF4B-00C04F79EFBC}") = "Domain", "Domain\Domain.csproj", "{79754EE6-3077-4380-8F62-AEF1D32681E0}"
EndProject
Project("{FAE04EC0-301F-11D3-BF4B-00C04F79EFBC}") = "Console", "Console\Console.csproj", "{67F5D7DB-AB3F-491E-AED4-4D99D7F37D5B}"
EndProject
Global
	GlobalSection(SolutionConfigurationPlatforms) = preSolution
		Debug|Any CPU = Debug|Any CPU
		Release|Any CPU = Release|Any CPU
	EndGlobalSection
	GlobalSection(ProjectConfigurationPlatforms) = postSolution
		{4187CB3E-212D-459F-B4B9-07A043B20DFC}.Debug|Any CPU.ActiveCfg = Debug|Any CPU
		{4187CB3E-212D-459F-B4B9-07A043B20DFC}.Debug|Any CPU.Build.0 = Debug|Any CPU
		{4187CB3E-212D-459F-B4B9-07A043B20DFC}.Release|Any CPU.ActiveCfg = Release|Any CPU
		{4187CB3E-212D-459F-B4B9-07A043B20DFC}.Release|Any CPU.Build.0 = Release|Any CPU
		{79754EE6-3077-4380-8F62-AEF1D32681E0}.Debug|Any CPU.ActiveCfg = Debug|Any CPU
		{79754EE6-3077-4380-8F62-AEF1D32681E0}.Debug|Any CPU.Build.0 = Debug|Any CPU
		{79754EE6-3077-4380-8F62-AEF1D32681E0}.Release|Any CPU.ActiveCfg = Release|Any CPU
		{79754EE6-3077-4380-8F62-AEF1D32681E0}.Release|Any CPU.Build.0 = Release|Any CPU
		{67F5D7DB-AB3F-491E-AED4-4D99D7F37D5B}.Debug|Any CPU.ActiveCfg = Debug|Any CPU
		{67F5D7DB-AB3F-491E-AED4-4D99D7F37D5B}.Debug|Any CPU.Build.0 = Debug|Any CPU
		{67F5D7DB-AB3F-491E-AED4-4D99D7F37D5B}.Release|Any CPU.ActiveCfg = Release|Any CPU
		{67F5D7DB-AB3F-491E-AED4-4D99D7F37D5B}.Release|Any CPU.Build.0 = Release|Any CPU
	EndGlobalSection
	GlobalSection(SolutionProperties) = preSolution
		HideSolutionNode = FALSE
	EndGlobalSection
EndGlobal
